
Microsoft Visual Studio Solution File, Format Version 12.00
# Visual Studio Version 16
VisualStudioVersion = 16.0.31112.23
MinimumVisualStudioVersion = 10.0.40219.1
Project("{FAE04EC0-301F-11D3-BF4B-00C04F79EFBC}") = "svStajOtomasyonu", "svStajOtomasyonu\svStajOtomasyonu.csproj", "{38C57C2D-9C62-4A51-90FA-A6E25A916ED0}"
EndProject
Global
	GlobalSection(SolutionConfigurationPlatforms) = preSolution
		Debug|Any CPU = Debug|Any CPU
		Release|Any CPU = Release|Any CPU
	EndGlobalSection
	GlobalSection(ProjectConfigurationPlatforms) = postSolution
		{38C57C2D-9C62-4A51-90FA-A6E25A916ED0}.Debug|Any CPU.ActiveCfg = Debug|Any CPU
		{38C57C2D-9C62-4A51-90FA-A6E25A916ED0}.Debug|Any CPU.Build.0 = Debug|Any CPU
		{38C57C2D-9C62-4A51-90FA-A6E25A916ED0}.Release|Any CPU.ActiveCfg = Release|Any CPU
		{38C57C2D-9C62-4A51-90FA-A6E25A916ED0}.Release|Any CPU.Build.0 = Release|Any CPU
	EndGlobalSection
	GlobalSection(SolutionProperties) = preSolution
		HideSolutionNode = FALSE
	EndGlobalSection
	GlobalSection(ExtensibilityGlobals) = postSolution
		SolutionGuid = {48319C04-B1DC-4A8D-97AB-06FBBE2F89AB}
	EndGlobalSection
EndGlobal
